
Microsoft Visual Studio Solution File, Format Version 12.00
# Visual Studio Version 17
VisualStudioVersion = 17.11.35222.181
MinimumVisualStudioVersion = 10.0.40219.1
Project("{9A19103F-16F7-4668-BE54-9A1E7A4F7556}") = "CivitParser", "CivitParser\CivitParser.csproj", "{6DF2230B-77E7-40D0-806A-84E8422F4F41}"
EndProject
Project("{FAE04EC0-301F-11D3-BF4B-00C04F79EFBC}") = "CivitParser.Model", "CivitParser.Model\CivitParser.Model.csproj", "{C8E973EF-3F7C-4F40-BB13-302E4003F084}"
EndProject
Global
	GlobalSection(SolutionConfigurationPlatforms) = preSolution
		Debug|Any CPU = Debug|Any CPU
		Release|Any CPU = Release|Any CPU
	EndGlobalSection
	GlobalSection(ProjectConfigurationPlatforms) = postSolution
		{6DF2230B-77E7-40D0-806A-84E8422F4F41}.Debug|Any CPU.ActiveCfg = Debug|Any CPU
		{6DF2230B-77E7-40D0-806A-84E8422F4F41}.Debug|Any CPU.Build.0 = Debug|Any CPU
		{6DF2230B-77E7-40D0-806A-84E8422F4F41}.Release|Any CPU.ActiveCfg = Release|Any CPU
		{6DF2230B-77E7-40D0-806A-84E8422F4F41}.Release|Any CPU.Build.0 = Release|Any CPU
		{C8E973EF-3F7C-4F40-BB13-302E4003F084}.Debug|Any CPU.ActiveCfg = Debug|Any CPU
		{C8E973EF-3F7C-4F40-BB13-302E4003F084}.Debug|Any CPU.Build.0 = Debug|Any CPU
		{C8E973EF-3F7C-4F40-BB13-302E4003F084}.Release|Any CPU.ActiveCfg = Release|Any CPU
		{C8E973EF-3F7C-4F40-BB13-302E4003F084}.Release|Any CPU.Build.0 = Release|Any CPU
	EndGlobalSection
	GlobalSection(SolutionProperties) = preSolution
		HideSolutionNode = FALSE
	EndGlobalSection
	GlobalSection(ExtensibilityGlobals) = postSolution
		SolutionGuid = {16FC5929-D6E9-4873-ADE7-B2E12392E968}
	EndGlobalSection
EndGlobal
